
Microsoft Visual Studio Solution File, Format Version 12.00
# Visual Studio 15
VisualStudioVersion = 15.0.26430.13
MinimumVisualStudioVersion = 10.0.40219.1
Project("{FAE04EC0-301F-11D3-BF4B-00C04F79EFBC}") = "Snake", "Snake\Snake.csproj", "{A49E848C-BD79-4326-94D8-C0040366930C}"
EndProject
Global
	GlobalSection(SolutionConfigurationPlatforms) = preSolution
		Debug|Any CPU = Debug|Any CPU
		Release|Any CPU = Release|Any CPU
	EndGlobalSection
	GlobalSection(ProjectConfigurationPlatforms) = postSolution
		{A49E848C-BD79-4326-94D8-C0040366930C}.Debug|Any CPU.ActiveCfg = Debug|Any CPU
		{A49E848C-BD79-4326-94D8-C0040366930C}.Debug|Any CPU.Build.0 = Debug|Any CPU
		{A49E848C-BD79-4326-94D8-C0040366930C}.Release|Any CPU.ActiveCfg = Release|Any CPU
		{A49E848C-BD79-4326-94D8-C0040366930C}.Release|Any CPU.Build.0 = Release|Any CPU
	EndGlobalSection
	GlobalSection(SolutionProperties) = preSolution
		HideSolutionNode = FALSE
	EndGlobalSection
EndGlobal
